github.com/adityatelange/hugo-PaperMod v0.0.0-20231111152359-5a99ab779d3a h1:NyBbL1m6ppAJMzHmbAmKxtnGnSNGnwQjblniKeWqDUM=
github.com/adityatelange/hugo-PaperMod v0.0.0-20231111152359-5a99ab779d3a/go.mod h1:HCHxNMKYdGafUYjVV3ICiAqznZK2yH0iI53jqcDFDdQ=
github.com/chandlerc/reveal-hugo v0.0.0-20230504100703-6c93e4898f85 h1:aBVHBa6iTcj+NcPesyayE+mzmh32Is/FuOnXiXc93a0=
github.com/chandlerc/reveal-hugo v0.0.0-20230504100703-6c93e4898f85/go.mod h1:vxb5s+B9wJRORFlK8POfAHwQxrCPvcSSUhGtwr+1CjM=
